
Microsoft Visual Studio Solution File, Format Version 12.00
# Visual Studio Version 17
VisualStudioVersion = 17.11.35303.130
MinimumVisualStudioVersion = 10.0.40219.1
Project("{9A19103F-16F7-4668-BE54-9A1E7A4F7556}") = "BookingSystem.Web", "BookingSystem.Web\BookingSystem.Web.csproj", "{0BECC749-4A7B-4488-A780-4D90504209BA}"
EndProject
Project("{FAE04EC0-301F-11D3-BF4B-00C04F79EFBC}") = "BookingSystem.Api", "BookingSystem.Api\BookingSystem.Api.csproj", "{9CF01B5C-6433-478A-9421-C528FC4607D1}"
EndProject
Project("{FAE04EC0-301F-11D3-BF4B-00C04F79EFBC}") = "BookingSystem.Infrastructure", "BookingSystem.Infrastructure\BookingSystem.Infrastructure.csproj", "{A0D7E51A-94B7-4771-A982-96FFA033838A}"
EndProject
Project("{FAE04EC0-301F-11D3-BF4B-00C04F79EFBC}") = "BookingSystem.Application", "BookingSystem.Application\BookingSystem.Application.csproj", "{35BC9BF6-FA4E-4F1A-8C3A-E3AE18B6F30A}"
EndProject
Project("{FAE04EC0-301F-11D3-BF4B-00C04F79EFBC}") = "BookingSystem.Domain", "BookingSystem.Domain\BookingSystem.Domain.csproj", "{94EC7526-D11B-4131-98B8-982384F341CB}"
EndProject
Global
	GlobalSection(SolutionConfigurationPlatforms) = preSolution
		Debug|Any CPU = Debug|Any CPU
		Release|Any CPU = Release|Any CPU
	EndGlobalSection
	GlobalSection(ProjectConfigurationPlatforms) = postSolution
		{0BECC749-4A7B-4488-A780-4D90504209BA}.Debug|Any CPU.ActiveCfg = Debug|Any CPU
		{0BECC749-4A7B-4488-A780-4D90504209BA}.Debug|Any CPU.Build.0 = Debug|Any CPU
		{0BECC749-4A7B-4488-A780-4D90504209BA}.Release|Any CPU.ActiveCfg = Release|Any CPU
		{0BECC749-4A7B-4488-A780-4D90504209BA}.Release|Any CPU.Build.0 = Release|Any CPU
		{9CF01B5C-6433-478A-9421-C528FC4607D1}.Debug|Any CPU.ActiveCfg = Debug|Any CPU
		{9CF01B5C-6433-478A-9421-C528FC4607D1}.Debug|Any CPU.Build.0 = Debug|Any CPU
		{9CF01B5C-6433-478A-9421-C528FC4607D1}.Release|Any CPU.ActiveCfg = Release|Any CPU
		{9CF01B5C-6433-478A-9421-C528FC4607D1}.Release|Any CPU.Build.0 = Release|Any CPU
		{A0D7E51A-94B7-4771-A982-96FFA033838A}.Debug|Any CPU.ActiveCfg = Debug|Any CPU
		{A0D7E51A-94B7-4771-A982-96FFA033838A}.Debug|Any CPU.Build.0 = Debug|Any CPU
		{A0D7E51A-94B7-4771-A982-96FFA033838A}.Release|Any CPU.ActiveCfg = Release|Any CPU
		{A0D7E51A-94B7-4771-A982-96FFA033838A}.Release|Any CPU.Build.0 = Release|Any CPU
		{35BC9BF6-FA4E-4F1A-8C3A-E3AE18B6F30A}.Debug|Any CPU.ActiveCfg = Debug|Any CPU
		{35BC9BF6-FA4E-4F1A-8C3A-E3AE18B6F30A}.Debug|Any CPU.Build.0 = Debug|Any CPU
		{35BC9BF6-FA4E-4F1A-8C3A-E3AE18B6F30A}.Release|Any CPU.ActiveCfg = Release|Any CPU
		{35BC9BF6-FA4E-4F1A-8C3A-E3AE18B6F30A}.Release|Any CPU.Build.0 = Release|Any CPU
		{94EC7526-D11B-4131-98B8-982384F341CB}.Debug|Any CPU.ActiveCfg = Debug|Any CPU
		{94EC7526-D11B-4131-98B8-982384F341CB}.Debug|Any CPU.Build.0 = Debug|Any CPU
		{94EC7526-D11B-4131-98B8-982384F341CB}.Release|Any CPU.ActiveCfg = Release|Any CPU
		{94EC7526-D11B-4131-98B8-982384F341CB}.Release|Any CPU.Build.0 = Release|Any CPU
	EndGlobalSection
	GlobalSection(SolutionProperties) = preSolution
		HideSolutionNode = FALSE
	EndGlobalSection
	GlobalSection(ExtensibilityGlobals) = postSolution
		SolutionGuid = {C42AA9F7-8DA0-495D-A3DC-53011B1F3143}
	EndGlobalSection
EndGlobal
